<?xml version="1.0" encoding="utf-8"?>
<Project ToolsVersion="4.0" xmlns="http://schemas.microsoft.com/developer/msbuild/2003">
  <ItemGroup>
    <ClInclude Include="file_reader.h" />
    <ClInclude Include="graph.h" />
    <ClInclude Include="util.h" />
    <ClInclude Include="init.h" />
    <ClInclude Include="gputimer.h" />
  </ItemGroup>
  <ItemGroup>
    <CudaCompile Include="file_reader.cc" />
    <CudaCompile Include="cuMain.cu" />
    <CudaCompile Include="init.cu" />
  </ItemGroup>
  <ItemGroup>
    <ClCompile Include="util.cc" />
  </ItemGroup>
</Project>